
Microsoft Visual Studio Solution File, Format Version 12.00
# Visual Studio Version 17
VisualStudioVersion = 17.12.35707.178
MinimumVisualStudioVersion = 10.0.40219.1
Project("{2150E333-8FDC-42A3-9474-1A3956D46DE8}") = "Test", "Test", "{92184915-6BC4-4A0D-9E8D-983555199658}"
EndProject
Project("{2150E333-8FDC-42A3-9474-1A3956D46DE8}") = "Doc", "Doc", "{867C55B9-27E4-4A6C-B86A-D385E18354FB}"
EndProject
Project("{2150E333-8FDC-42A3-9474-1A3956D46DE8}") = "Src", "Src", "{5BB27A1D-43BF-44BF-9F92-565526B6A9D6}"
EndProject
Project("{2150E333-8FDC-42A3-9474-1A3956D46DE8}") = "Core", "Core", "{66963BB4-0822-46E8-B490-3339000642F8}"
EndProject
Project("{2150E333-8FDC-42A3-9474-1A3956D46DE8}") = "Infrastructure", "Infrastructure", "{39B7901A-DFFC-4994-BC58-CF233F636170}"
EndProject
Project("{2150E333-8FDC-42A3-9474-1A3956D46DE8}") = "Presentation", "Presentation", "{58524EAA-836B-4E96-82B6-6796AABFF717}"
EndProject
Project("{2150E333-8FDC-42A3-9474-1A3956D46DE8}") = "Common", "Common", "{F9C26FE9-F871-4465-A433-9BDEB5FF35CB}"
EndProject
Project("{FAE04EC0-301F-11D3-BF4B-00C04F79EFBC}") = "Store_Project.Domain", "Store_Project.Domain\Store_Project.Domain.csproj", "{59CE5717-D699-42A2-B336-41280CC4CD26}"
EndProject
Project("{FAE04EC0-301F-11D3-BF4B-00C04F79EFBC}") = "Store_Project_Application", "Store_Project_Application\Store_Project_Application.csproj", "{F14B716A-8FEF-46F5-9F70-5AA5AF4F97F8}"
EndProject
Project("{FAE04EC0-301F-11D3-BF4B-00C04F79EFBC}") = "Store_Project.Infrastructure", "Store_Project.Infrastructure\Store_Project.Infrastructure.csproj", "{305C39CF-451B-4B4B-B03A-BF4AC78B18E5}"
EndProject
Project("{FAE04EC0-301F-11D3-BF4B-00C04F79EFBC}") = "Store_Project.Persistence", "Store_Project.Persistence\Store_Project.Persistence.csproj", "{B14D450F-8CAB-4FB5-8A72-C9BFCFE71B81}"
EndProject
Project("{FAE04EC0-301F-11D3-BF4B-00C04F79EFBC}") = "Store_Project.Common", "Store_Project.Common\Store_Project.Common.csproj", "{F9ADB972-2879-4E9A-BB24-C495A93410E2}"
EndProject
Project("{FAE04EC0-301F-11D3-BF4B-00C04F79EFBC}") = "EndPoint.Site", "EndPoint.Site\EndPoint.Site.csproj", "{A2ED5B9D-B514-47EF-ADFD-9823F155A450}"
EndProject
Global
	GlobalSection(SolutionConfigurationPlatforms) = preSolution
		Debug|Any CPU = Debug|Any CPU
		Release|Any CPU = Release|Any CPU
	EndGlobalSection
	GlobalSection(ProjectConfigurationPlatforms) = postSolution
		{59CE5717-D699-42A2-B336-41280CC4CD26}.Debug|Any CPU.ActiveCfg = Debug|Any CPU
		{59CE5717-D699-42A2-B336-41280CC4CD26}.Debug|Any CPU.Build.0 = Debug|Any CPU
		{59CE5717-D699-42A2-B336-41280CC4CD26}.Release|Any CPU.ActiveCfg = Release|Any CPU
		{59CE5717-D699-42A2-B336-41280CC4CD26}.Release|Any CPU.Build.0 = Release|Any CPU
		{F14B716A-8FEF-46F5-9F70-5AA5AF4F97F8}.Debug|Any CPU.ActiveCfg = Debug|Any CPU
		{F14B716A-8FEF-46F5-9F70-5AA5AF4F97F8}.Debug|Any CPU.Build.0 = Debug|Any CPU
		{F14B716A-8FEF-46F5-9F70-5AA5AF4F97F8}.Release|Any CPU.ActiveCfg = Release|Any CPU
		{F14B716A-8FEF-46F5-9F70-5AA5AF4F97F8}.Release|Any CPU.Build.0 = Release|Any CPU
		{305C39CF-451B-4B4B-B03A-BF4AC78B18E5}.Debug|Any CPU.ActiveCfg = Debug|Any CPU
		{305C39CF-451B-4B4B-B03A-BF4AC78B18E5}.Debug|Any CPU.Build.0 = Debug|Any CPU
		{305C39CF-451B-4B4B-B03A-BF4AC78B18E5}.Release|Any CPU.ActiveCfg = Release|Any CPU
		{305C39CF-451B-4B4B-B03A-BF4AC78B18E5}.Release|Any CPU.Build.0 = Release|Any CPU
		{B14D450F-8CAB-4FB5-8A72-C9BFCFE71B81}.Debug|Any CPU.ActiveCfg = Debug|Any CPU
		{B14D450F-8CAB-4FB5-8A72-C9BFCFE71B81}.Debug|Any CPU.Build.0 = Debug|Any CPU
		{B14D450F-8CAB-4FB5-8A72-C9BFCFE71B81}.Release|Any CPU.ActiveCfg = Release|Any CPU
		{B14D450F-8CAB-4FB5-8A72-C9BFCFE71B81}.Release|Any CPU.Build.0 = Release|Any CPU
		{F9ADB972-2879-4E9A-BB24-C495A93410E2}.Debug|Any CPU.ActiveCfg = Debug|Any CPU
		{F9ADB972-2879-4E9A-BB24-C495A93410E2}.Debug|Any CPU.Build.0 = Debug|Any CPU
		{F9ADB972-2879-4E9A-BB24-C495A93410E2}.Release|Any CPU.ActiveCfg = Release|Any CPU
		{F9ADB972-2879-4E9A-BB24-C495A93410E2}.Release|Any CPU.Build.0 = Release|Any CPU
		{A2ED5B9D-B514-47EF-ADFD-9823F155A450}.Debug|Any CPU.ActiveCfg = Debug|Any CPU
		{A2ED5B9D-B514-47EF-ADFD-9823F155A450}.Debug|Any CPU.Build.0 = Debug|Any CPU
		{A2ED5B9D-B514-47EF-ADFD-9823F155A450}.Release|Any CPU.ActiveCfg = Release|Any CPU
		{A2ED5B9D-B514-47EF-ADFD-9823F155A450}.Release|Any CPU.Build.0 = Release|Any CPU
	EndGlobalSection
	GlobalSection(SolutionProperties) = preSolution
		HideSolutionNode = FALSE
	EndGlobalSection
	GlobalSection(NestedProjects) = preSolution
		{66963BB4-0822-46E8-B490-3339000642F8} = {5BB27A1D-43BF-44BF-9F92-565526B6A9D6}
		{39B7901A-DFFC-4994-BC58-CF233F636170} = {5BB27A1D-43BF-44BF-9F92-565526B6A9D6}
		{58524EAA-836B-4E96-82B6-6796AABFF717} = {5BB27A1D-43BF-44BF-9F92-565526B6A9D6}
		{F9C26FE9-F871-4465-A433-9BDEB5FF35CB} = {5BB27A1D-43BF-44BF-9F92-565526B6A9D6}
		{59CE5717-D699-42A2-B336-41280CC4CD26} = {66963BB4-0822-46E8-B490-3339000642F8}
		{F14B716A-8FEF-46F5-9F70-5AA5AF4F97F8} = {66963BB4-0822-46E8-B490-3339000642F8}
		{305C39CF-451B-4B4B-B03A-BF4AC78B18E5} = {39B7901A-DFFC-4994-BC58-CF233F636170}
		{B14D450F-8CAB-4FB5-8A72-C9BFCFE71B81} = {39B7901A-DFFC-4994-BC58-CF233F636170}
		{F9ADB972-2879-4E9A-BB24-C495A93410E2} = {F9C26FE9-F871-4465-A433-9BDEB5FF35CB}
		{A2ED5B9D-B514-47EF-ADFD-9823F155A450} = {58524EAA-836B-4E96-82B6-6796AABFF717}
	EndGlobalSection
EndGlobal
